# @generated by Move, please check-in and do not edit manually.

[move]
version = 3
manifest_digest = "A9753D5AC9F601A5989D5E097C47E7C2C0D833599A91D1668C536B15701E303B"
deps_digest = "F8BBB0CCB2491CA29A3DF03D6F92277A4F3574266507ACD77214D37ECA3F3082"
dependencies = [
  { id = "Sui", name = "Sui" },
]

[[move.package]]
id = "MoveStdlib"
source = { git = "https://github.com/MystenLabs/sui.git", rev = "framework/testnet", subdir = "crates/sui-framework/packages/move-stdlib" }

[[move.package]]
id = "Sui"
source = { git = "https://github.com/MystenLabs/sui.git", rev = "framework/testnet", subdir = "crates/sui-framework/packages/sui-framework" }

dependencies = [
  { id = "MoveStdlib", name = "MoveStdlib" },
]

[move.toolchain-version]
compiler-version = "1.61.2"
edition = "2024.beta"
flavor = "sui"

[env]

[env.testnet]
chain-id = "4c78adac"
original-published-id = "0xe2a39be1ed023597be123e6ec155724af8445ce3ad661dc087e7674678e9ee6c"
latest-published-id = "0xe2a39be1ed023597be123e6ec155724af8445ce3ad661dc087e7674678e9ee6c"
published-version = "1"

[env.devnet]
chain-id = "833db4e1"
original-published-id = "0x2519129dceda14ca3a16945ba4a86e65ef153c64dced552a77126f3946a0471e"
latest-published-id = "0x2519129dceda14ca3a16945ba4a86e65ef153c64dced552a77126f3946a0471e"
published-version = "1"
